
Microsoft Visual Studio Solution File, Format Version 12.00
# Visual Studio Version 16
VisualStudioVersion = 16.0.32602.291
MinimumVisualStudioVersion = 10.0.40219.1
Project("{9A19103F-16F7-4668-BE54-9A1E7A4F7556}") = "ConsoleApplication", "ConsoleApplication\ConsoleApplication.csproj", "{C9460DB3-E015-46D0-84EF-9CD978FAE95A}"
EndProject
Project("{9A19103F-16F7-4668-BE54-9A1E7A4F7556}") = "InternetERP.Data", "InternetERP.Data\InternetERP.Data.csproj", "{C8DEB48C-9CAD-4C3D-9098-3AB190932098}"
EndProject
Project("{9A19103F-16F7-4668-BE54-9A1E7A4F7556}") = "InternetERP.Models", "InternetERP.Models\InternetERP.Models.csproj", "{74C3A04C-6C5B-40A6-ACF4-F41EC42A14F1}"
EndProject
Project("{9A19103F-16F7-4668-BE54-9A1E7A4F7556}") = "InternetERP.Services", "InternetERP.Services\InternetERP.Services.csproj", "{DD8DDAF8-F17B-4BD1-8255-90928A2D3B49}"
EndProject
Project("{FAE04EC0-301F-11D3-BF4B-00C04F79EFBC}") = "InternetERP.Initializer", "InternetERP.Initializer\InternetERP.Initializer.csproj", "{4A49D19F-1640-4423-8B3D-97FD04266338}"
EndProject
Global
	GlobalSection(SolutionConfigurationPlatforms) = preSolution
		Debug|Any CPU = Debug|Any CPU
		Release|Any CPU = Release|Any CPU
	EndGlobalSection
	GlobalSection(ProjectConfigurationPlatforms) = postSolution
		{C9460DB3-E015-46D0-84EF-9CD978FAE95A}.Debug|Any CPU.ActiveCfg = Debug|Any CPU
		{C9460DB3-E015-46D0-84EF-9CD978FAE95A}.Debug|Any CPU.Build.0 = Debug|Any CPU
		{C9460DB3-E015-46D0-84EF-9CD978FAE95A}.Release|Any CPU.ActiveCfg = Release|Any CPU
		{C9460DB3-E015-46D0-84EF-9CD978FAE95A}.Release|Any CPU.Build.0 = Release|Any CPU
		{C8DEB48C-9CAD-4C3D-9098-3AB190932098}.Debug|Any CPU.ActiveCfg = Debug|Any CPU
		{C8DEB48C-9CAD-4C3D-9098-3AB190932098}.Debug|Any CPU.Build.0 = Debug|Any CPU
		{C8DEB48C-9CAD-4C3D-9098-3AB190932098}.Release|Any CPU.ActiveCfg = Release|Any CPU
		{C8DEB48C-9CAD-4C3D-9098-3AB190932098}.Release|Any CPU.Build.0 = Release|Any CPU
		{74C3A04C-6C5B-40A6-ACF4-F41EC42A14F1}.Debug|Any CPU.ActiveCfg = Debug|Any CPU
		{74C3A04C-6C5B-40A6-ACF4-F41EC42A14F1}.Debug|Any CPU.Build.0 = Debug|Any CPU
		{74C3A04C-6C5B-40A6-ACF4-F41EC42A14F1}.Release|Any CPU.ActiveCfg = Release|Any CPU
		{74C3A04C-6C5B-40A6-ACF4-F41EC42A14F1}.Release|Any CPU.Build.0 = Release|Any CPU
		{DD8DDAF8-F17B-4BD1-8255-90928A2D3B49}.Debug|Any CPU.ActiveCfg = Debug|Any CPU
		{DD8DDAF8-F17B-4BD1-8255-90928A2D3B49}.Debug|Any CPU.Build.0 = Debug|Any CPU
		{DD8DDAF8-F17B-4BD1-8255-90928A2D3B49}.Release|Any CPU.ActiveCfg = Release|Any CPU
		{DD8DDAF8-F17B-4BD1-8255-90928A2D3B49}.Release|Any CPU.Build.0 = Release|Any CPU
		{4A49D19F-1640-4423-8B3D-97FD04266338}.Debug|Any CPU.ActiveCfg = Debug|Any CPU
		{4A49D19F-1640-4423-8B3D-97FD04266338}.Debug|Any CPU.Build.0 = Debug|Any CPU
		{4A49D19F-1640-4423-8B3D-97FD04266338}.Release|Any CPU.ActiveCfg = Release|Any CPU
		{4A49D19F-1640-4423-8B3D-97FD04266338}.Release|Any CPU.Build.0 = Release|Any CPU
	EndGlobalSection
	GlobalSection(SolutionProperties) = preSolution
		HideSolutionNode = FALSE
	EndGlobalSection
	GlobalSection(ExtensibilityGlobals) = postSolution
		SolutionGuid = {3AB3BA37-1DAB-4DD8-9E8C-496F778B6802}
	EndGlobalSection
EndGlobal
